
Microsoft Visual Studio Solution File, Format Version 12.00
# Visual Studio Version 17
VisualStudioVersion = 17.0.32126.317
MinimumVisualStudioVersion = 10.0.40219.1
Project("{FAE04EC0-301F-11D3-BF4B-00C04F79EFBC}") = "Thread_05", "Thread_05.csproj", "{CCD38A08-510D-4136-886B-B8A279DD4279}"
EndProject
Global
	GlobalSection(SolutionConfigurationPlatforms) = preSolution
		Debug|Any CPU = Debug|Any CPU
		Release|Any CPU = Release|Any CPU
	EndGlobalSection
	GlobalSection(ProjectConfigurationPlatforms) = postSolution
		{CCD38A08-510D-4136-886B-B8A279DD4279}.Debug|Any CPU.ActiveCfg = Debug|Any CPU
		{CCD38A08-510D-4136-886B-B8A279DD4279}.Debug|Any CPU.Build.0 = Debug|Any CPU
		{CCD38A08-510D-4136-886B-B8A279DD4279}.Release|Any CPU.ActiveCfg = Release|Any CPU
		{CCD38A08-510D-4136-886B-B8A279DD4279}.Release|Any CPU.Build.0 = Release|Any CPU
	EndGlobalSection
	GlobalSection(SolutionProperties) = preSolution
		HideSolutionNode = FALSE
	EndGlobalSection
	GlobalSection(ExtensibilityGlobals) = postSolution
		SolutionGuid = {5612C1FF-BA62-4030-B897-D8BFAE60121A}
	EndGlobalSection
EndGlobal
