
Microsoft Visual Studio Solution File, Format Version 12.00
# Visual Studio Version 17
VisualStudioVersion = 17.0.32126.317
MinimumVisualStudioVersion = 10.0.40219.1
Project("{FAE04EC0-301F-11D3-BF4B-00C04F79EFBC}") = "Thread_02", "Thread_02.csproj", "{68FD8AE8-5303-4C6F-8C94-5329B565EC2F}"
EndProject
Global
	GlobalSection(SolutionConfigurationPlatforms) = preSolution
		Debug|Any CPU = Debug|Any CPU
		Release|Any CPU = Release|Any CPU
	EndGlobalSection
	GlobalSection(ProjectConfigurationPlatforms) = postSolution
		{68FD8AE8-5303-4C6F-8C94-5329B565EC2F}.Debug|Any CPU.ActiveCfg = Debug|Any CPU
		{68FD8AE8-5303-4C6F-8C94-5329B565EC2F}.Debug|Any CPU.Build.0 = Debug|Any CPU
		{68FD8AE8-5303-4C6F-8C94-5329B565EC2F}.Release|Any CPU.ActiveCfg = Release|Any CPU
		{68FD8AE8-5303-4C6F-8C94-5329B565EC2F}.Release|Any CPU.Build.0 = Release|Any CPU
	EndGlobalSection
	GlobalSection(SolutionProperties) = preSolution
		HideSolutionNode = FALSE
	EndGlobalSection
	GlobalSection(ExtensibilityGlobals) = postSolution
		SolutionGuid = {ADC44B5A-802C-465A-BD1D-AF0A0C709C0B}
	EndGlobalSection
EndGlobal
